// !$*UTF8*$!
{
	archiveVersion = 1;
	classes = {
	};
	objectVersion = 46;
	objects = {

/* Begin PBXBuildFile section */
		50D6324B1C8B5772003CEA07 /* AppDelegate.swift in Sources */ = {isa = PBXBuildFile; fileRef = 50D6324A1C8B5772003CEA07 /* AppDelegate.swift */; };
		50D6324D1C8B5772003CEA07 /* ViewController.swift in Sources */ = {isa = PBXBuildFile; fileRef = 50D6324C1C8B5772003CEA07 /* ViewController.swift */; };
		50D632501C8B5772003CEA07 /* Main.storyboard in Resources */ = {isa = PBXBuildFile; fileRef = 50D6324E1C8B5772003CEA07 /* Main.storyboard */; };
		50D632521C8B5772003CEA07 /* Assets.xcassets in Resources */ = {isa = PBXBuildFile; fileRef = 50D632511C8B5772003CEA07 /* Assets.xcassets */; };
		50D632551C8B5772003CEA07 /* LaunchScreen.storyboard in Resources */ = {isa = PBXBuildFile; fileRef = 50D632531C8B5772003CEA07 /* LaunchScreen.storyboard */; };
/* End PBXBuildFile section */

/* Begin PBXFileReference section */
		50D632471C8B5772003CEA07 /* exercise1.app */ = {isa = PBXFileReference; explicitFileType = wrapper.application; includeInIndex = 0; path = exercise1.app; sourceTree = BUILT_PRODUCTS_DIR; };
		50D6324A1C8B5772003CEA07 /* AppDelegate.swift */ = {isa = PBXFileReference; lastKnownFileType = sourcecode.swift; path = AppDelegate.swift; sourceTree = "<group>"; };
		50D6324C1C8B5772003CEA07 /* ViewController.swift */ = {isa = PBXFileReference; lastKnownFileType = sourcecode.swift; path = ViewController.swift; sourceTree = "<group>"; };
		50D6324F1C8B5772003CEA07 /* Base */ = {isa = PBXFileReference; lastKnownFileType = file.storyboard; name = Base; path = Base.lproj/Main.storyboard; sourceTree = "<group>"; };
		50D632511C8B5772003CEA07 /* Assets.xcassets */ = {isa = PBXFileReference; lastKnownFileType = folder.assetcatalog; path = Assets.xcassets; sourceTree = "<group>"; };
		50D632541C8B5772003CEA07 /* Base */ = {isa = PBXFileReference; lastKnownFileType = file.storyboard; name = Base; path = Base.lproj/LaunchScreen.storyboard; sourceTree = "<group>"; };
		50D632561C8B5772003CEA07 /* Info.plist */ = {isa = PBXFileReference; lastKnownFileType = text.plist.xml; path = Info.plist; sourceTree = "<group>"; };
/* End PBXFileReference section */

/* Begin PBXFrameworksBuildPhase section */
		50D632441C8B5772003CEA07 /* Frameworks */ = {
			isa = PBXFrameworksBuildPhase;
			buildActionMask = 2147483647;
			files = (
			);
			runOnlyForDeploymentPostprocessing = 0;
		};
/* End PBXFrameworksBuildPhase section */

/* Begin PBXGroup section */
		50D6323E1C8B5772003CEA07 = {
			isa = PBXGroup;
			children = (
				50D632491C8B5772003CEA07 /* exercise1 */,
				50D632481C8B5772003CEA07 /* Products */,
			);
			sourceTree = "<group>";
		};
		50D632481C8B5772003CEA07 /* Products */ = {
			isa = PBXGroup;
			children = (
				50D632471C8B5772003CEA07 /* exercise1.app */,
			);
			name = Products;
			sourceTree = "<group>";
		};
		50D632491C8B5772003CEA07 /* exercise1 */ = {
			isa = PBXGroup;
			children = (
				50D6324A1C8B5772003CEA07 /* AppDelegate.swift */,
				50D6324C1C8B5772003CEA07 /* ViewController.swift */,
				50D6324E1C8B5772003CEA07 /* Main.storyboard */,
				50D632511C8B5772003CEA07 /* Assets.xcassets */,
				50D632531C8B5772003CEA07 /* LaunchScreen.storyboard */,
				50D632561C8B5772003CEA07 /* Info.plist */,
			);
			path = exercise1;
			sourceTree = "<group>";
		};
/* End PBXGroup section */

/* Begin PBXNativeTarget section */
		50D632461C8B5772003CEA07 /* exercise1 */ = {
			isa = PBXNativeTarget;
			buildConfigurationList = 50D632591C8B5772003CEA07 /* Build configuration list for PBXNativeTarget "exercise1" */;
			buildPhases = (
				50D632431C8B5772003CEA07 /* Sources */,
				50D632441C8B5772003CEA07 /* Frameworks */,
				50D632451C8B5772003CEA07 /* Resources */,
			);
			buildRules = (
			);
			dependencies = (
			);
			name = exercise1;
			productName = exercise1;
			productReference = 50D632471C8B5772003CEA07 /* exercise1.app */;
			productType = "com.apple.product-type.application";
		};
/* End PBXNativeTarget section */

/* Begin PBXProject section */
		50D6323F1C8B5772003CEA07 /* Project object */ = {
			isa = PBXProject;
			attributes = {
				LastSwiftUpdateCheck = 0730;
				LastUpgradeCheck = 0730;
				ORGANIZATIONNAME = "Faraazuddin Mohammed";
				TargetAttributes = {
					50D632461C8B5772003CEA07 = {
						CreatedOnToolsVersion = 7.3;
					};
				};
			};
			buildConfigurationList = 50D632421C8B5772003CEA07 /* Build configuration list for PBXProject "exercise1" */;
			compatibilityVersion = "Xcode 3.2";
			developmentRegion = English;
			hasScannedForEncodings = 0;
			knownRegions = (
				en,
				Base,
			);
			mainGroup = 50D6323E1C8B5772003CEA07;
			productRefGroup = 50D632481C8B5772003CEA07 /* Products */;
			projectDirPath = "";
			projectRoot = "";
			targets = (
				50D632461C8B5772003CEA07 /* exercise1 */,
			);
		};
/* End PBXProject section */

/* Begin PBXResourcesBuildPhase section */
		50D632451C8B5772003CEA07 /* Resources */ = {
			isa = PBXResourcesBuildPhase;
			buildActionMask = 2147483647;
			files = (
				50D632551C8B5772003CEA07 /* LaunchScreen.storyboard in Resources */,
				50D632521C8B5772003CEA07 /* Assets.xcassets in Resources */,
				50D632501C8B5772003CEA07 /* Main.storyboard in Resources */,
			);
			runOnlyForDeploymentPostprocessing = 0;
		};
/* End PBXResourcesBuildPhase section */

/* Begin PBXSourcesBuildPhase section */
		50D632431C8B5772003CEA07 /* Sources */ = {
			isa = PBXSourcesBuildPhase;
			buildActionMask = 2147483647;
			files = (
				50D6324D1C8B5772003CEA07 /* ViewController.swift in Sources */,
				50D6324B1C8B5772003CEA07 /* AppDelegate.swift in Sources */,
			);
			runOnlyForDeploymentPostprocessing = 0;
		};
/* End PBXSourcesBuildPhase section */

/* Begin PBXVariantGroup section */
		50D6324E1C8B5772003CEA07 /* Main.storyboard */ = {
			isa = PBXVariantGroup;
			children = (
				50D6324F1C8B5772003CEA07 /* Base */,
			);
			name = Main.storyboard;
			sourceTree = "<group>";
		};
		50D632531C8B5772003CEA07 /* LaunchScreen.storyboard */ = {
			isa = PBXVariantGroup;
			children = (
				50D632541C8B5772003CEA07 /* Base */,
			);
			name = LaunchScreen.storyboard;
			sourceTree = "<group>";
		};
/* End PBXVariantGroup section */

/* Begin XCBuildConfiguration section */
		50D632571C8B5772003CEA07 /* Debug */ = {
			isa = XCBuildConfiguration;
			buildSettings = {
				ALWAYS_SEARCH_USER_PATHS = NO;
				CLANG_ANALYZER_NONNULL = YES;
				CLANG_CXX_LANGUAGE_STANDARD = "gnu++0x";
				CLANG_CXX_LIBRARY = "libc++";
				CLANG_ENABLE_MODULES = YES;
				CLANG_ENABLE_OBJC_ARC = YES;
				CLANG_WARN_BOOL_CONVERSION = YES;
				CLANG_WARN_CONSTANT_CONVERSION = YES;
				CLANG_WARN_DIRECT_OBJC_ISA_USAGE = YES_ERROR;
				CLANG_WARN_EMPTY_BODY = YES;
				CLANG_WARN_ENUM_CONVERSION = YES;
				CLANG_WARN_INT_CONVERSION = YES;
				CLANG_WARN_OBJC_ROOT_CLASS = YES_ERROR;
				CLANG_WARN_UNREACHABLE_CODE = YES;
				CLANG_WARN__DUPLICATE_METHOD_MATCH = YES;
				"CODE_SIGN_IDENTITY[sdk=iphoneos*]" = "iPhone Developer";
				COPY_PHASE_STRIP = NO;
				DEBUG_INFORMATION_FORMAT = dwarf;
				ENABLE_STRICT_OBJC_MSGSEND = YES;
				ENABLE_TESTABILITY = YES;
				GCC_C_LANGUAGE_STANDARD = gnu99;
				GCC_DYNAMIC_NO_PIC = NO;
				GCC_NO_COMMON_BLOCKS = YES;
				GCC_OPTIMIZATION_LEVEL = 0;
				GCC_PREPROCESSOR_DEFINITIONS = (
					"DEBUG=1",
					"$(inherited)",
				);
				GCC_WARN_64_TO_32_BIT_CONVERSION = YES;
				GCC_WARN_ABOUT_RETURN_TYPE = YES_ERROR;
				GCC_WARN_UNDECLARED_SELECTOR = YES;
				GCC_WARN_UNINITIALIZED_AUTOS = YES_AGGRESSIVE;
				GCC_WARN_UNUSED_FUNCTION = YES;
				GCC_WARN_UNUSED_VARIABLE = YES;
				IPHONEOS_DEPLOYMENT_TARGET = 9.3;
				MTL_ENABLE_DEBUG_INFO = YES;
				ONLY_ACTIVE_ARCH = YES;
				SDKROOT = iphoneos;
				SWIFT_OPTIMIZATION_LEVEL = "-Onone";
				TARGETED_DEVICE_FAMILY = "1,2";
			};
			name = Debug;
		};
		50D632581C8B5772003CEA07 /* Release */ = {
			isa = XCBuildConfiguration;
			buildSettings = {
				ALWAYS_SEARCH_USER_PATHS = NO;
				CLANG_ANALYZER_NONNULL = YES;
				CLANG_CXX_LANGUAGE_STANDARD = "gnu++0x";
				CLANG_CXX_LIBRARY = "libc++";
				CLANG_ENABLE_MODULES = YES;
				CLANG_ENABLE_OBJC_ARC = YES;
				CLANG_WARN_BOOL_CONVERSION = YES;
				CLANG_WARN_CONSTANT_CONVERSION = YES;
				CLANG_WARN_DIRECT_OBJC_ISA_USAGE = YES_ERROR;
				CLANG_WARN_EMPTY_BODY = YES;
				CLANG_WARN_ENUM_CONVERSION = YES;
				CLANG_WARN_INT_CONVERSION = YES;
				CLANG_WARN_OBJC_ROOT_CLASS = YES_ERROR;
				CLANG_WARN_UNREACHABLE_CODE = YES;
				CLANG_WARN__DUPLICATE_METHOD_MATCH = YES;
				"CODE_SIGN_IDENTITY[sdk=iphoneos*]" = "iPhone Developer";
				COPY_PHASE_STRIP = NO;
				DEBUG_INFORMATION_FORMAT = "dwarf-with-dsym";
				ENABLE_NS_ASSERTIONS = NO;
				ENABLE_STRICT_OBJC_MSGSEND = YES;
				GCC_C_LANGUAGE_STANDARD = gnu99;
				GCC_NO_COMMON_BLOCKS = YES;
				GCC_WARN_64_TO_32_BIT_CONVERSION = YES;
				GCC_WARN_ABOUT_RETURN_TYPE = YES_ERROR;
				GCC_WARN_UNDECLARED_SELECTOR = YES;
				GCC_WARN_UNINITIALIZED_AUTOS = YES_AGGRESSIVE;
				GCC_WARN_UNUSED_FUNCTION = YES;
				GCC_WARN_UNUSED_VARIABLE = YES;
				IPHONEOS_DEPLOYMENT_TARGET = 9.3;
				MTL_ENABLE_DEBUG_INFO = NO;
				SDKROOT = iphoneos;
				TARGETED_DEVICE_FAMILY = "1,2";
				VALIDATE_PRODUCT = YES;
			};
			name = Release;
		};
		50D6325A1C8B5772003CEA07 /* Debug */ = {
			isa = XCBuildConfiguration;
			buildSettings = {
				ASSETCATALOG_COMPILER_APPICON_NAME = AppIcon;
				INFOPLIST_FILE = exercise1/Info.plist;
				LD_RUNPATH_SEARCH_PATHS = "$(inherited) @executable_path/Frameworks";
				PRODUCT_BUNDLE_IDENTIFIER = com.faraazm.exercise1;
				PRODUCT_NAME = "$(TARGET_NAME)";
				TARGETED_DEVICE_FAMILY = 1;
			};
			name = Debug;
		};
		50D6325B1C8B5772003CEA07 /* Release */ = {
			isa = XCBuildConfiguration;
			buildSettings = {
				ASSETCATALOG_COMPILER_APPICON_NAME = AppIcon;
				INFOPLIST_FILE = exercise1/Info.plist;
				LD_RUNPATH_SEARCH_PATHS = "$(inherited) @executable_path/Frameworks";
				PRODUCT_BUNDLE_IDENTIFIER = com.faraazm.exercise1;
				PRODUCT_NAME = "$(TARGET_NAME)";
				TARGETED_DEVICE_FAMILY = 1;
			};
			name = Release;
		};
/* End XCBuildConfiguration section */

/* Begin XCConfigurationList section */
		50D632421C8B5772003CEA07 /* Build configuration list for PBXProject "exercise1" */ = {
			isa = XCConfigurationList;
			buildConfigurations = (
				50D632571C8B5772003CEA07 /* Debug */,
				50D632581C8B5772003CEA07 /* Release */,
			);
			defaultConfigurationIsVisible = 0;
			defaultConfigurationName = Release;
		};
		50D632591C8B5772003CEA07 /* Build configuration list for PBXNativeTarget "exercise1" */ = {
			isa = XCConfigurationList;
			buildConfigurations = (
				50D6325A1C8B5772003CEA07 /* Debug */,
				50D6325B1C8B5772003CEA07 /* Release */,
			);
			defaultConfigurationIsVisible = 0;
		};
/* End XCConfigurationList section */
	};
	rootObject = 50D6323F1C8B5772003CEA07 /* Project object */;
}
